// !$*UTF8*$!
{
	archiveVersion = 1;
	classes = {
	};
	objectVersion = 77;
	objects = {

/* Begin PBXBuildFile section */
		2393EBD12E255728009CDE17 /* GoogleService-Info.plist in Resources */ = {isa = PBXBuildFile; fileRef = 2393EBD02E255728009CDE17 /* GoogleService-Info.plist */; };
		2393EBD42E255A2D009CDE17 /* FirebaseAnalyticsWithoutAdIdSupport in Frameworks */ = {isa = PBXBuildFile; productRef = 2393EBD32E255A2D009CDE17 /* FirebaseAnalyticsWithoutAdIdSupport */; };
		2393EBD62E255A2D009CDE17 /* FirebaseCore in Frameworks */ = {isa = PBXBuildFile; productRef = 2393EBD52E255A2D009CDE17 /* FirebaseCore */; };
		2393EBD82E255A2D009CDE17 /* FirebaseFirestore in Frameworks */ = {isa = PBXBuildFile; productRef = 2393EBD72E255A2D009CDE17 /* FirebaseFirestore */; };
		2393EC262E26C4A2009CDE17 /* popular.txt in Resources */ = {isa = PBXBuildFile; fileRef = 2393EC252E26C4A2009CDE17 /* popular.txt */; };
		2393EC2E2E2BBADA009CDE17 /* .gitignore in Resources */ = {isa = PBXBuildFile; fileRef = 2393EC2D2E2BBADA009CDE17 /* .gitignore */; };
		2393EC302E2BBB53009CDE17 /* README.md in Resources */ = {isa = PBXBuildFile; fileRef = 2393EC2F2E2BBB53009CDE17 /* README.md */; };
		2393EC342E2BE9A9009CDE17 /* tap.wav in Resources */ = {isa = PBXBuildFile; fileRef = 2393EC332E2BE9A9009CDE17 /* tap.wav */; };
		2393EC362E2BEA81009CDE17 /* word.wav in Resources */ = {isa = PBXBuildFile; fileRef = 2393EC352E2BEA81009CDE17 /* word.wav */; };
		2393EC382E2BEBFB009CDE17 /* finish.wav in Resources */ = {isa = PBXBuildFile; fileRef = 2393EC372E2BEBFB009CDE17 /* finish.wav */; };
/* End PBXBuildFile section */

/* Begin PBXFileReference section */
		2393EBC22E2555C2009CDE17 /* WordSprint.app */ = {isa = PBXFileReference; explicitFileType = wrapper.application; includeInIndex = 0; path = WordSprint.app; sourceTree = BUILT_PRODUCTS_DIR; };
		2393EBD02E255728009CDE17 /* GoogleService-Info.plist */ = {isa = PBXFileReference; lastKnownFileType = text.plist.xml; path = "GoogleService-Info.plist"; sourceTree = "<group>"; };
		2393EC252E26C4A2009CDE17 /* popular.txt */ = {isa = PBXFileReference; lastKnownFileType = text; path = popular.txt; sourceTree = "<group>"; };
		2393EC2D2E2BBADA009CDE17 /* .gitignore */ = {isa = PBXFileReference; lastKnownFileType = text; path = .gitignore; sourceTree = "<group>"; };
		2393EC2F2E2BBB53009CDE17 /* README.md */ = {isa = PBXFileReference; lastKnownFileType = net.daringfireball.markdown; path = README.md; sourceTree = "<group>"; };
		2393EC332E2BE9A9009CDE17 /* tap.wav */ = {isa = PBXFileReference; lastKnownFileType = audio.wav; path = tap.wav; sourceTree = "<group>"; };
		2393EC352E2BEA81009CDE17 /* word.wav */ = {isa = PBXFileReference; lastKnownFileType = audio.wav; path = word.wav; sourceTree = "<group>"; };
		2393EC372E2BEBFB009CDE17 /* finish.wav */ = {isa = PBXFileReference; lastKnownFileType = audio.wav; path = finish.wav; sourceTree = "<group>"; };
/* End PBXFileReference section */

/* Begin PBXFileSystemSynchronizedBuildFileExceptionSet section */
		2393EBE02E255CC5009CDE17 /* Exceptions for "WordSprint" folder in "WordSprint" target */ = {
			isa = PBXFileSystemSynchronizedBuildFileExceptionSet;
			membershipExceptions = (
				Info.plist,
			);
			target = 2393EBC12E2555C2009CDE17 /* WordSprint */;
		};
/* End PBXFileSystemSynchronizedBuildFileExceptionSet section */

/* Begin PBXFileSystemSynchronizedRootGroup section */
		2393EBC42E2555C2009CDE17 /* WordSprint */ = {
			isa = PBXFileSystemSynchronizedRootGroup;
			exceptions = (
				2393EBE02E255CC5009CDE17 /* Exceptions for "WordSprint" folder in "WordSprint" target */,
			);
			path = WordSprint;
			sourceTree = "<group>";
		};
/* End PBXFileSystemSynchronizedRootGroup section */

/* Begin PBXFrameworksBuildPhase section */
		2393EBBF2E2555C2009CDE17 /* Frameworks */ = {
			isa = PBXFrameworksBuildPhase;
			buildActionMask = 2147483647;
			files = (
				2393EBD62E255A2D009CDE17 /* FirebaseCore in Frameworks */,
				2393EBD42E255A2D009CDE17 /* FirebaseAnalyticsWithoutAdIdSupport in Frameworks */,
				2393EBD82E255A2D009CDE17 /* FirebaseFirestore in Frameworks */,
			);
			runOnlyForDeploymentPostprocessing = 0;
		};
/* End PBXFrameworksBuildPhase section */

/* Begin PBXGroup section */
		2393EBB92E2555C2009CDE17 = {
			isa = PBXGroup;
			children = (
				2393EC2F2E2BBB53009CDE17 /* README.md */,
				2393EC2D2E2BBADA009CDE17 /* .gitignore */,
				2393EBC42E2555C2009CDE17 /* WordSprint */,
				2393EBC32E2555C2009CDE17 /* Products */,
				2393EBD02E255728009CDE17 /* GoogleService-Info.plist */,
				2393EC252E26C4A2009CDE17 /* popular.txt */,
				2393EC332E2BE9A9009CDE17 /* tap.wav */,
				2393EC352E2BEA81009CDE17 /* word.wav */,
				2393EC372E2BEBFB009CDE17 /* finish.wav */,
			);
			sourceTree = "<group>";
		};
		2393EBC32E2555C2009CDE17 /* Products */ = {
			isa = PBXGroup;
			children = (
				2393EBC22E2555C2009CDE17 /* WordSprint.app */,
			);
			name = Products;
			sourceTree = "<group>";
		};
/* End PBXGroup section */

/* Begin PBXNativeTarget section */
		2393EBC12E2555C2009CDE17 /* WordSprint */ = {
			isa = PBXNativeTarget;
			buildConfigurationList = 2393EBCD2E2555C4009CDE17 /* Build configuration list for PBXNativeTarget "WordSprint" */;
			buildPhases = (
				2393EBBE2E2555C2009CDE17 /* Sources */,
				2393EBBF2E2555C2009CDE17 /* Frameworks */,
				2393EBC02E2555C2009CDE17 /* Resources */,
			);
			buildRules = (
			);
			dependencies = (
			);
			fileSystemSynchronizedGroups = (
				2393EBC42E2555C2009CDE17 /* WordSprint */,
			);
			name = WordSprint;
			packageProductDependencies = (
				2393EBD32E255A2D009CDE17 /* FirebaseAnalyticsWithoutAdIdSupport */,
				2393EBD52E255A2D009CDE17 /* FirebaseCore */,
				2393EBD72E255A2D009CDE17 /* FirebaseFirestore */,
			);
			productName = WordSprint;
			productReference = 2393EBC22E2555C2009CDE17 /* WordSprint.app */;
			productType = "com.apple.product-type.application";
		};
/* End PBXNativeTarget section */

/* Begin PBXProject section */
		2393EBBA2E2555C2009CDE17 /* Project object */ = {
			isa = PBXProject;
			attributes = {
				BuildIndependentTargetsInParallel = 1;
				LastSwiftUpdateCheck = 1640;
				LastUpgradeCheck = 1640;
				TargetAttributes = {
					2393EBC12E2555C2009CDE17 = {
						CreatedOnToolsVersion = 16.4;
					};
				};
			};
			buildConfigurationList = 2393EBBD2E2555C2009CDE17 /* Build configuration list for PBXProject "WordSprint" */;
			developmentRegion = en;
			hasScannedForEncodings = 0;
			knownRegions = (
				en,
				Base,
			);
			mainGroup = 2393EBB92E2555C2009CDE17;
			minimizedProjectReferenceProxies = 1;
			packageReferences = (
				2393EBD22E255A2D009CDE17 /* XCRemoteSwiftPackageReference "firebase-ios-sdk" */,
			);
			preferredProjectObjectVersion = 77;
			productRefGroup = 2393EBC32E2555C2009CDE17 /* Products */;
			projectDirPath = "";
			projectRoot = "";
			targets = (
				2393EBC12E2555C2009CDE17 /* WordSprint */,
			);
		};
/* End PBXProject section */

/* Begin PBXResourcesBuildPhase section */
		2393EBC02E2555C2009CDE17 /* Resources */ = {
			isa = PBXResourcesBuildPhase;
			buildActionMask = 2147483647;
			files = (
				2393EC342E2BE9A9009CDE17 /* tap.wav in Resources */,
				2393EC2E2E2BBADA009CDE17 /* .gitignore in Resources */,
				2393EC262E26C4A2009CDE17 /* popular.txt in Resources */,
				2393EC302E2BBB53009CDE17 /* README.md in Resources */,
				2393EC362E2BEA81009CDE17 /* word.wav in Resources */,
				2393EBD12E255728009CDE17 /* GoogleService-Info.plist in Resources */,
				2393EC382E2BEBFB009CDE17 /* finish.wav in Resources */,
			);
			runOnlyForDeploymentPostprocessing = 0;
		};
/* End PBXResourcesBuildPhase section */

/* Begin PBXSourcesBuildPhase section */
		2393EBBE2E2555C2009CDE17 /* Sources */ = {
			isa = PBXSourcesBuildPhase;
			buildActionMask = 2147483647;
			files = (
			);
			runOnlyForDeploymentPostprocessing = 0;
		};
/* End PBXSourcesBuildPhase section */

/* Begin XCBuildConfiguration section */
		2393EBCB2E2555C4009CDE17 /* Debug */ = {
			isa = XCBuildConfiguration;
			buildSettings = {
				ALWAYS_SEARCH_USER_PATHS = NO;
				ASSETCATALOG_COMPILER_GENERATE_SWIFT_ASSET_SYMBOL_EXTENSIONS = YES;
				CLANG_ANALYZER_NONNULL = YES;
				CLANG_ANALYZER_NUMBER_OBJECT_CONVERSION = YES_AGGRESSIVE;
				CLANG_CXX_LANGUAGE_STANDARD = "gnu++20";
				CLANG_ENABLE_MODULES = YES;
				CLANG_ENABLE_OBJC_ARC = YES;
				CLANG_ENABLE_OBJC_WEAK = YES;
				CLANG_WARN_BLOCK_CAPTURE_AUTORELEASING = YES;
				CLANG_WARN_BOOL_CONVERSION = YES;
				CLANG_WARN_COMMA = YES;
				CLANG_WARN_CONSTANT_CONVERSION = YES;
				CLANG_WARN_DEPRECATED_OBJC_IMPLEMENTATIONS = YES;
				CLANG_WARN_DIRECT_OBJC_ISA_USAGE = YES_ERROR;
				CLANG_WARN_DOCUMENTATION_COMMENTS = YES;
				CLANG_WARN_EMPTY_BODY = YES;
				CLANG_WARN_ENUM_CONVERSION = YES;
				CLANG_WARN_INFINITE_RECURSION = YES;
				CLANG_WARN_INT_CONVERSION = YES;
				CLANG_WARN_NON_LITERAL_NULL_CONVERSION = YES;
				CLANG_WARN_OBJC_IMPLICIT_RETAIN_SELF = YES;
				CLANG_WARN_OBJC_LITERAL_CONVERSION = YES;
				CLANG_WARN_OBJC_ROOT_CLASS = YES_ERROR;
				CLANG_WARN_QUOTED_INCLUDE_IN_FRAMEWORK_HEADER = YES;
				CLANG_WARN_RANGE_LOOP_ANALYSIS = YES;
				CLANG_WARN_STRICT_PROTOTYPES = YES;
				CLANG_WARN_SUSPICIOUS_MOVE = YES;
				CLANG_WARN_UNGUARDED_AVAILABILITY = YES_AGGRESSIVE;
				CLANG_WARN_UNREACHABLE_CODE = YES;
				CLANG_WARN__DUPLICATE_METHOD_MATCH = YES;
				COPY_PHASE_STRIP = NO;
				DEBUG_INFORMATION_FORMAT = dwarf;
				DEVELOPMENT_TEAM = D5GDML97HD;
				ENABLE_STRICT_OBJC_MSGSEND = YES;
				ENABLE_TESTABILITY = YES;
				ENABLE_USER_SCRIPT_SANDBOXING = YES;
				GCC_C_LANGUAGE_STANDARD = gnu17;
				GCC_DYNAMIC_NO_PIC = NO;
				GCC_NO_COMMON_BLOCKS = YES;
				GCC_OPTIMIZATION_LEVEL = 0;
				GCC_PREPROCESSOR_DEFINITIONS = (
					"DEBUG=1",
					"$(inherited)",
				);
				GCC_WARN_64_TO_32_BIT_CONVERSION = YES;
				GCC_WARN_ABOUT_RETURN_TYPE = YES_ERROR;
				GCC_WARN_UNDECLARED_SELECTOR = YES;
				GCC_WARN_UNINITIALIZED_AUTOS = YES_AGGRESSIVE;
				GCC_WARN_UNUSED_FUNCTION = YES;
				GCC_WARN_UNUSED_VARIABLE = YES;
				IPHONEOS_DEPLOYMENT_TARGET = 18.5;
				LOCALIZATION_PREFERS_STRING_CATALOGS = YES;
				MTL_ENABLE_DEBUG_INFO = INCLUDE_SOURCE;
				MTL_FAST_MATH = YES;
				ONLY_ACTIVE_ARCH = YES;
				SDKROOT = iphoneos;
				SWIFT_ACTIVE_COMPILATION_CONDITIONS = "DEBUG $(inherited)";
				SWIFT_OPTIMIZATION_LEVEL = "-Onone";
			};
			name = Debug;
		};
		2393EBCC2E2555C4009CDE17 /* Release */ = {
			isa = XCBuildConfiguration;
			buildSettings = {
				ALWAYS_SEARCH_USER_PATHS = NO;
				ASSETCATALOG_COMPILER_GENERATE_SWIFT_ASSET_SYMBOL_EXTENSIONS = YES;
				CLANG_ANALYZER_NONNULL = YES;
				CLANG_ANALYZER_NUMBER_OBJECT_CONVERSION = YES_AGGRESSIVE;
				CLANG_CXX_LANGUAGE_STANDARD = "gnu++20";
				CLANG_ENABLE_MODULES = YES;
				CLANG_ENABLE_OBJC_ARC = YES;
				CLANG_ENABLE_OBJC_WEAK = YES;
				CLANG_WARN_BLOCK_CAPTURE_AUTORELEASING = YES;
				CLANG_WARN_BOOL_CONVERSION = YES;
				CLANG_WARN_COMMA = YES;
				CLANG_WARN_CONSTANT_CONVERSION = YES;
				CLANG_WARN_DEPRECATED_OBJC_IMPLEMENTATIONS = YES;
				CLANG_WARN_DIRECT_OBJC_ISA_USAGE = YES_ERROR;
				CLANG_WARN_DOCUMENTATION_COMMENTS = YES;
				CLANG_WARN_EMPTY_BODY = YES;
				CLANG_WARN_ENUM_CONVERSION = YES;
				CLANG_WARN_INFINITE_RECURSION = YES;
				CLANG_WARN_INT_CONVERSION = YES;
				CLANG_WARN_NON_LITERAL_NULL_CONVERSION = YES;
				CLANG_WARN_OBJC_IMPLICIT_RETAIN_SELF = YES;
				CLANG_WARN_OBJC_LITERAL_CONVERSION = YES;
				CLANG_WARN_OBJC_ROOT_CLASS = YES_ERROR;
				CLANG_WARN_QUOTED_INCLUDE_IN_FRAMEWORK_HEADER = YES;
				CLANG_WARN_RANGE_LOOP_ANALYSIS = YES;
				CLANG_WARN_STRICT_PROTOTYPES = YES;
				CLANG_WARN_SUSPICIOUS_MOVE = YES;
				CLANG_WARN_UNGUARDED_AVAILABILITY = YES_AGGRESSIVE;
				CLANG_WARN_UNREACHABLE_CODE = YES;
				CLANG_WARN__DUPLICATE_METHOD_MATCH = YES;
				COPY_PHASE_STRIP = NO;
				DEBUG_INFORMATION_FORMAT = "dwarf-with-dsym";
				DEVELOPMENT_TEAM = D5GDML97HD;
				ENABLE_NS_ASSERTIONS = NO;
				ENABLE_STRICT_OBJC_MSGSEND = YES;
				ENABLE_USER_SCRIPT_SANDBOXING = YES;
				GCC_C_LANGUAGE_STANDARD = gnu17;
				GCC_NO_COMMON_BLOCKS = YES;
				GCC_WARN_64_TO_32_BIT_CONVERSION = YES;
				GCC_WARN_ABOUT_RETURN_TYPE = YES_ERROR;
				GCC_WARN_UNDECLARED_SELECTOR = YES;
				GCC_WARN_UNINITIALIZED_AUTOS = YES_AGGRESSIVE;
				GCC_WARN_UNUSED_FUNCTION = YES;
				GCC_WARN_UNUSED_VARIABLE = YES;
				IPHONEOS_DEPLOYMENT_TARGET = 18.5;
				LOCALIZATION_PREFERS_STRING_CATALOGS = YES;
				MTL_ENABLE_DEBUG_INFO = NO;
				MTL_FAST_MATH = YES;
				SDKROOT = iphoneos;
				SWIFT_COMPILATION_MODE = wholemodule;
				VALIDATE_PRODUCT = YES;
			};
			name = Release;
		};
		2393EBCE2E2555C4009CDE17 /* Debug */ = {
			isa = XCBuildConfiguration;
			buildSettings = {
				ASSETCATALOG_COMPILER_APPICON_NAME = AppIcon;
				ASSETCATALOG_COMPILER_GLOBAL_ACCENT_COLOR_NAME = AccentColor;
				CODE_SIGN_STYLE = Automatic;
				CURRENT_PROJECT_VERSION = 1;
				DEVELOPMENT_TEAM = D5GDML97HD;
				ENABLE_PREVIEWS = YES;
				GENERATE_INFOPLIST_FILE = YES;
				INFOPLIST_FILE = WordSprint/Info.plist;
				INFOPLIST_KEY_UIApplicationSceneManifest_Generation = YES;
				INFOPLIST_KEY_UIApplicationSupportsIndirectInputEvents = YES;
				INFOPLIST_KEY_UILaunchScreen_Generation = YES;
				INFOPLIST_KEY_UIStatusBarStyle = "";
				INFOPLIST_KEY_UISupportedInterfaceOrientations = UIInterfaceOrientationPortrait;
				LD_RUNPATH_SEARCH_PATHS = (
					"$(inherited)",
					"@executable_path/Frameworks",
				);
				MARKETING_VERSION = 1.0;
				PRODUCT_BUNDLE_IDENTIFIER = Afeka.DanielRaby.WordSprint;
				PRODUCT_NAME = "$(TARGET_NAME)";
				SWIFT_EMIT_LOC_STRINGS = YES;
				SWIFT_VERSION = 5.0;
				TARGETED_DEVICE_FAMILY = "1,2";
			};
			name = Debug;
		};
		2393EBCF2E2555C4009CDE17 /* Release */ = {
			isa = XCBuildConfiguration;
			buildSettings = {
				ASSETCATALOG_COMPILER_APPICON_NAME = AppIcon;
				ASSETCATALOG_COMPILER_GLOBAL_ACCENT_COLOR_NAME = AccentColor;
				CODE_SIGN_STYLE = Automatic;
				CURRENT_PROJECT_VERSION = 1;
				DEVELOPMENT_TEAM = D5GDML97HD;
				ENABLE_PREVIEWS = YES;
				GENERATE_INFOPLIST_FILE = YES;
				INFOPLIST_FILE = WordSprint/Info.plist;
				INFOPLIST_KEY_UIApplicationSceneManifest_Generation = YES;
				INFOPLIST_KEY_UIApplicationSupportsIndirectInputEvents = YES;
				INFOPLIST_KEY_UILaunchScreen_Generation = YES;
				INFOPLIST_KEY_UIStatusBarStyle = "";
				INFOPLIST_KEY_UISupportedInterfaceOrientations = UIInterfaceOrientationPortrait;
				LD_RUNPATH_SEARCH_PATHS = (
					"$(inherited)",
					"@executable_path/Frameworks",
				);
				MARKETING_VERSION = 1.0;
				PRODUCT_BUNDLE_IDENTIFIER = Afeka.WordSprint;
				PRODUCT_NAME = "$(TARGET_NAME)";
				SWIFT_EMIT_LOC_STRINGS = YES;
				SWIFT_VERSION = 5.0;
				TARGETED_DEVICE_FAMILY = "1,2";
			};
			name = Release;
		};
/* End XCBuildConfiguration section */

/* Begin XCConfigurationList section */
		2393EBBD2E2555C2009CDE17 /* Build configuration list for PBXProject "WordSprint" */ = {
			isa = XCConfigurationList;
			buildConfigurations = (
				2393EBCB2E2555C4009CDE17 /* Debug */,
				2393EBCC2E2555C4009CDE17 /* Release */,
			);
			defaultConfigurationIsVisible = 0;
			defaultConfigurationName = Release;
		};
		2393EBCD2E2555C4009CDE17 /* Build configuration list for PBXNativeTarget "WordSprint" */ = {
			isa = XCConfigurationList;
			buildConfigurations = (
				2393EBCE2E2555C4009CDE17 /* Debug */,
				2393EBCF2E2555C4009CDE17 /* Release */,
			);
			defaultConfigurationIsVisible = 0;
			defaultConfigurationName = Release;
		};
/* End XCConfigurationList section */

/* Begin XCRemoteSwiftPackageReference section */
		2393EBD22E255A2D009CDE17 /* XCRemoteSwiftPackageReference "firebase-ios-sdk" */ = {
			isa = XCRemoteSwiftPackageReference;
			repositoryURL = "https://github.com/firebase/firebase-ios-sdk";
			requirement = {
				kind = upToNextMajorVersion;
				minimumVersion = 11.15.0;
			};
		};
/* End XCRemoteSwiftPackageReference section */

/* Begin XCSwiftPackageProductDependency section */
		2393EBD32E255A2D009CDE17 /* FirebaseAnalyticsWithoutAdIdSupport */ = {
			isa = XCSwiftPackageProductDependency;
			package = 2393EBD22E255A2D009CDE17 /* XCRemoteSwiftPackageReference "firebase-ios-sdk" */;
			productName = FirebaseAnalyticsWithoutAdIdSupport;
		};
		2393EBD52E255A2D009CDE17 /* FirebaseCore */ = {
			isa = XCSwiftPackageProductDependency;
			package = 2393EBD22E255A2D009CDE17 /* XCRemoteSwiftPackageReference "firebase-ios-sdk" */;
			productName = FirebaseCore;
		};
		2393EBD72E255A2D009CDE17 /* FirebaseFirestore */ = {
			isa = XCSwiftPackageProductDependency;
			package = 2393EBD22E255A2D009CDE17 /* XCRemoteSwiftPackageReference "firebase-ios-sdk" */;
			productName = FirebaseFirestore;
		};
/* End XCSwiftPackageProductDependency section */
	};
	rootObject = 2393EBBA2E2555C2009CDE17 /* Project object */;
}
